Microsoft Visual Studio Solution File, Format Version 12.00
# Visual Studio Version 17
VisualStudioVersion = 17.5.2.0
MinimumVisualStudioVersion = 10.0.40219.1
Project("{FAE04EC0-301F-11D3-BF4B-00C04F79EFBC}") = "AbstracaoInterfaces", "AbstracaoInterfaces.csproj", "{16A8F7C0-DACF-6451-E51C-C3C76FD4419C}"
EndProject
Global
	GlobalSection(SolutionConfigurationPlatforms) = preSolution
		Debug|Any CPU = Debug|Any CPU
		Release|Any CPU = Release|Any CPU
	EndGlobalSection
	GlobalSection(ProjectConfigurationPlatforms) = postSolution
		{16A8F7C0-DACF-6451-E51C-C3C76FD4419C}.Debug|Any CPU.ActiveCfg = Debug|Any CPU
		{16A8F7C0-DACF-6451-E51C-C3C76FD4419C}.Debug|Any CPU.Build.0 = Debug|Any CPU
		{16A8F7C0-DACF-6451-E51C-C3C76FD4419C}.Release|Any CPU.ActiveCfg = Release|Any CPU
		{16A8F7C0-DACF-6451-E51C-C3C76FD4419C}.Release|Any CPU.Build.0 = Release|Any CPU
	EndGlobalSection
	GlobalSection(SolutionProperties) = preSolution
		HideSolutionNode = FALSE
	EndGlobalSection
	GlobalSection(ExtensibilityGlobals) = postSolution
		SolutionGuid = {63918F0D-A26C-484E-9CD2-6C80F1A210FE}
	EndGlobalSection
EndGlobal
